
Microsoft Visual Studio Solution File, Format Version 12.00
# Visual Studio 15
VisualStudioVersion = 15.0.26730.15
MinimumVisualStudioVersion = 10.0.40219.1
Project("{FAE04EC0-301F-11D3-BF4B-00C04F79EFBC}") = "ProgressBar", "ProgressBar\ProgressBar.csproj", "{4C7C7EAF-8B28-4521-9790-CE8589AAF8BA}"
EndProject
Global
	GlobalSection(SolutionConfigurationPlatforms) = preSolution
		Debug|Any CPU = Debug|Any CPU
		Release|Any CPU = Release|Any CPU
	EndGlobalSection
	GlobalSection(ProjectConfigurationPlatforms) = postSolution
		{4C7C7EAF-8B28-4521-9790-CE8589AAF8BA}.Debug|Any CPU.ActiveCfg = Debug|Any CPU
		{4C7C7EAF-8B28-4521-9790-CE8589AAF8BA}.Debug|Any CPU.Build.0 = Debug|Any CPU
		{4C7C7EAF-8B28-4521-9790-CE8589AAF8BA}.Release|Any CPU.ActiveCfg = Release|Any CPU
		{4C7C7EAF-8B28-4521-9790-CE8589AAF8BA}.Release|Any CPU.Build.0 = Release|Any CPU
	EndGlobalSection
	GlobalSection(SolutionProperties) = preSolution
		HideSolutionNode = FALSE
	EndGlobalSection
	GlobalSection(ExtensibilityGlobals) = postSolution
		SolutionGuid = {B0BFC713-8062-4AA8-AEC3-A85FE70EC40B}
	EndGlobalSection
EndGlobal
